
Microsoft Visual Studio Solution File, Format Version 12.00
# Visual Studio Version 16
VisualStudioVersion = 16.0.30204.135
MinimumVisualStudioVersion = 10.0.40219.1
Project("{F2A71F9B-5D33-465A-A702-920D77279786}") = "CV_International", "CV_International.fsproj", "{92832ABD-5F3A-43C9-B068-21482E10845F}"
EndProject
Global
	GlobalSection(SolutionConfigurationPlatforms) = preSolution
		Debug|Any CPU = Debug|Any CPU
		Release|Any CPU = Release|Any CPU
	EndGlobalSection
	GlobalSection(ProjectConfigurationPlatforms) = postSolution
		{92832ABD-5F3A-43C9-B068-21482E10845F}.Debug|Any CPU.ActiveCfg = Debug|Any CPU
		{92832ABD-5F3A-43C9-B068-21482E10845F}.Debug|Any CPU.Build.0 = Debug|Any CPU
		{92832ABD-5F3A-43C9-B068-21482E10845F}.Release|Any CPU.ActiveCfg = Release|Any CPU
		{92832ABD-5F3A-43C9-B068-21482E10845F}.Release|Any CPU.Build.0 = Release|Any CPU
	EndGlobalSection
	GlobalSection(SolutionProperties) = preSolution
		HideSolutionNode = FALSE
	EndGlobalSection
	GlobalSection(ExtensibilityGlobals) = postSolution
		SolutionGuid = {2DDCE3AC-2445-4584-ABC4-68B4DBA0F4C1}
	EndGlobalSection
EndGlobal
